
Microsoft Visual Studio Solution File, Format Version 12.00
# Visual Studio Version 16
VisualStudioVersion = 16.0.31205.134
MinimumVisualStudioVersion = 10.0.40219.1
Project("{FAE04EC0-301F-11D3-BF4B-00C04F79EFBC}") = "WebServiceTest", "WebServiceTest.csproj", "{3D1DA9BA-517C-42CE-AC5E-2948A0095270}"
EndProject
Project("{E24C65DC-7377-472B-9ABA-BC803B73C61A}") = "WebSite", "..\WebSite\", "{82C336C4-E057-46E9-B62A-2F331A5BC542}"
	ProjectSection(WebsiteProperties) = preProject
		TargetFrameworkMoniker = ".NETFramework,Version%3Dv3.5"
		Debug.AspNetCompiler.VirtualPath = "/localhost_52517"
		Debug.AspNetCompiler.PhysicalPath = "..\WebSite\"
		Debug.AspNetCompiler.TargetPath = "PrecompiledWeb\localhost_52517\"
		Debug.AspNetCompiler.Updateable = "true"
		Debug.AspNetCompiler.ForceOverwrite = "true"
		Debug.AspNetCompiler.FixedNames = "false"
		Debug.AspNetCompiler.Debug = "True"
		Release.AspNetCompiler.VirtualPath = "/localhost_52517"
		Release.AspNetCompiler.PhysicalPath = "..\WebSite\"
		Release.AspNetCompiler.TargetPath = "PrecompiledWeb\localhost_52517\"
		Release.AspNetCompiler.Updateable = "true"
		Release.AspNetCompiler.ForceOverwrite = "true"
		Release.AspNetCompiler.FixedNames = "false"
		Release.AspNetCompiler.Debug = "False"
		VWDPort = "52517"
		SlnRelativePath = "..\WebSite\"
		DefaultWebSiteLanguage = "Visual C#"
	EndProjectSection
	ProjectSection(ProjectDependencies) = postProject
		{3D1DA9BA-517C-42CE-AC5E-2948A0095270} = {3D1DA9BA-517C-42CE-AC5E-2948A0095270}
	EndProjectSection
EndProject
Global
	GlobalSection(SolutionConfigurationPlatforms) = preSolution
		Debug|Any CPU = Debug|Any CPU
		Release|Any CPU = Release|Any CPU
	EndGlobalSection
	GlobalSection(ProjectConfigurationPlatforms) = postSolution
		{3D1DA9BA-517C-42CE-AC5E-2948A0095270}.Debug|Any CPU.ActiveCfg = Debug|Any CPU
		{3D1DA9BA-517C-42CE-AC5E-2948A0095270}.Debug|Any CPU.Build.0 = Debug|Any CPU
		{3D1DA9BA-517C-42CE-AC5E-2948A0095270}.Release|Any CPU.ActiveCfg = Release|Any CPU
		{3D1DA9BA-517C-42CE-AC5E-2948A0095270}.Release|Any CPU.Build.0 = Release|Any CPU
		{82C336C4-E057-46E9-B62A-2F331A5BC542}.Debug|Any CPU.ActiveCfg = Debug|Any CPU
		{82C336C4-E057-46E9-B62A-2F331A5BC542}.Debug|Any CPU.Build.0 = Debug|Any CPU
		{82C336C4-E057-46E9-B62A-2F331A5BC542}.Release|Any CPU.ActiveCfg = Debug|Any CPU
		{82C336C4-E057-46E9-B62A-2F331A5BC542}.Release|Any CPU.Build.0 = Debug|Any CPU
	EndGlobalSection
	GlobalSection(SolutionProperties) = preSolution
		HideSolutionNode = FALSE
	EndGlobalSection
	GlobalSection(ExtensibilityGlobals) = postSolution
		SolutionGuid = {A45124EE-38CA-4DA4-92AC-930BE1AFB3E2}
	EndGlobalSection
EndGlobal
